<?xml version="1.0" encoding="utf-8"?>
<Project ToolsVersion="4.0" xmlns="http://schemas.microsoft.com/developer/msbuild/2003">
  <ItemGroup>
    <Filter Include="z80cpp">
      <UniqueIdentifier>{10d2bd71-f003-411c-8762-0f92653f7f60}</UniqueIdentifier>
    </Filter>
    <Filter Include="SDL2">
      <UniqueIdentifier>{59e5feb9-2e14-4b0c-9f87-c968b459ab1a}</UniqueIdentifier>
    </Filter>
    <Filter Include="MinZX">
      <UniqueIdentifier>{c8b041bd-58e3-47c7-9f68-52810ca15be6}</UniqueIdentifier>
    </Filter>
    <Filter Include="z80cpp\example">
      <UniqueIdentifier>{5c7b669a-ffe2-40a6-b7d7-ef17e48c6b82}</UniqueIdentifier>
    </Filter>
    <Filter Include="Docs">
      <UniqueIdentifier>{cb625a11-2951-4d6e-91e7-16d0c093bd02}</UniqueIdentifier>
    </Filter>
  </ItemGroup>
  <ItemGroup>
    <ClCompile Include="src\z80cpp\z80.cpp">
      <Filter>z80cpp</Filter>
    </ClCompile>
    <ClCompile Include="src\main.cpp">
      <Filter>MinZX</Filter>
    </ClCompile>
    <ClCompile Include="src\minzx.cpp">
      <Filter>MinZX</Filter>
    </ClCompile>
    <ClCompile Include="src\z80cpp\example\z80sim.cpp">
      <Filter>z80cpp\example</Filter>
    </ClCompile>
  </ItemGroup>
  <ItemGroup>
    <ClInclude Include="include\z80cpp\z80.h">
      <Filter>z80cpp</Filter>
    </ClInclude>
    <ClInclude Include="include\z80cpp\z80operations.h">
      <Filter>z80cpp</Filter>
    </ClInclude>
    <ClInclude Include="include\SDL2\begin_code.h">
      <Filter>SDL2</Filter>
    </ClInclude>
    <ClInclude Include="include\SDL2\close_code.h">
      <Filter>SDL2</Filter>
    </ClInclude>
    <ClInclude Include="include\SDL2\SDL.h">
      <Filter>SDL2</Filter>
    </ClInclude>
    <ClInclude Include="include\SDL2\SDL_assert.h">
      <Filter>SDL2</Filter>
    </ClInclude>
    <ClInclude Include="include\SDL2\SDL_atomic.h">
      <Filter>SDL2</Filter>
    </ClInclude>
    <ClInclude Include="include\SDL2\SDL_audio.h">
      <Filter>SDL2</Filter>
    </ClInclude>
    <ClInclude Include="include\SDL2\SDL_bits.h">
      <Filter>SDL2</Filter>
    </ClInclude>
    <ClInclude Include="include\SDL2\SDL_blendmode.h">
      <Filter>SDL2</Filter>
    </ClInclude>
    <ClInclude Include="include\SDL2\SDL_clipboard.h">
      <Filter>SDL2</Filter>
    </ClInclude>
    <ClInclude Include="include\SDL2\SDL_config.h">
      <Filter>SDL2</Filter>
    </ClInclude>
    <ClInclude Include="include\SDL2\SDL_config_android.h">
      <Filter>SDL2</Filter>
    </ClInclude>
    <ClInclude Include="include\SDL2\SDL_config_iphoneos.h">
      <Filter>SDL2</Filter>
    </ClInclude>
    <ClInclude Include="include\SDL2\SDL_config_macosx.h">
      <Filter>SDL2</Filter>
    </ClInclude>
    <ClInclude Include="include\SDL2\SDL_config_minimal.h">
      <Filter>SDL2</Filter>
    </ClInclude>
    <ClInclude Include="include\SDL2\SDL_config_pandora.h">
      <Filter>SDL2</Filter>
    </ClInclude>
    <ClInclude Include="include\SDL2\SDL_config_psp.h">
      <Filter>SDL2</Filter>
    </ClInclude>
    <ClInclude Include="include\SDL2\SDL_config_windows.h">
      <Filter>SDL2</Filter>
    </ClInclude>
    <ClInclude Include="include\SDL2\SDL_config_winrt.h">
      <Filter>SDL2</Filter>
    </ClInclude>
    <ClInclude Include="include\SDL2\SDL_config_wiz.h">
      <Filter>SDL2</Filter>
    </ClInclude>
    <ClInclude Include="include\SDL2\SDL_copying.h">
      <Filter>SDL2</Filter>
    </ClInclude>
    <ClInclude Include="include\SDL2\SDL_cpuinfo.h">
      <Filter>SDL2</Filter>
    </ClInclude>
    <ClInclude Include="include\SDL2\SDL_egl.h">
      <Filter>SDL2</Filter>
    </ClInclude>
    <ClInclude Include="include\SDL2\SDL_endian.h">
      <Filter>SDL2</Filter>
    </ClInclude>
    <ClInclude Include="include\SDL2\SDL_error.h">
      <Filter>SDL2</Filter>
    </ClInclude>
    <ClInclude Include="include\SDL2\SDL_events.h">
      <Filter>SDL2</Filter>
    </ClInclude>
    <ClInclude Include="include\SDL2\SDL_filesystem.h">
      <Filter>SDL2</Filter>
    </ClInclude>
    <ClInclude Include="include\SDL2\SDL_gamecontroller.h">
      <Filter>SDL2</Filter>
    </ClInclude>
    <ClInclude Include="include\SDL2\SDL_gesture.h">
      <Filter>SDL2</Filter>
    </ClInclude>
    <ClInclude Include="include\SDL2\SDL_haptic.h">
      <Filter>SDL2</Filter>
    </ClInclude>
    <ClInclude Include="include\SDL2\SDL_hints.h">
      <Filter>SDL2</Filter>
    </ClInclude>
    <ClInclude Include="include\SDL2\SDL_joystick.h">
      <Filter>SDL2</Filter>
    </ClInclude>
    <ClInclude Include="include\SDL2\SDL_keyboard.h">
      <Filter>SDL2</Filter>
    </ClInclude>
    <ClInclude Include="include\SDL2\SDL_keycode.h">
      <Filter>SDL2</Filter>
    </ClInclude>
    <ClInclude Include="include\SDL2\SDL_loadso.h">
      <Filter>SDL2</Filter>
    </ClInclude>
    <ClInclude Include="include\SDL2\SDL_locale.h">
      <Filter>SDL2</Filter>
    </ClInclude>
    <ClInclude Include="include\SDL2\SDL_log.h">
      <Filter>SDL2</Filter>
    </ClInclude>
    <ClInclude Include="include\SDL2\SDL_main.h">
      <Filter>SDL2</Filter>
    </ClInclude>
    <ClInclude Include="include\SDL2\SDL_messagebox.h">
      <Filter>SDL2</Filter>
    </ClInclude>
    <ClInclude Include="include\SDL2\SDL_metal.h">
      <Filter>SDL2</Filter>
    </ClInclude>
    <ClInclude Include="include\SDL2\SDL_misc.h">
      <Filter>SDL2</Filter>
    </ClInclude>
    <ClInclude Include="include\SDL2\SDL_mouse.h">
      <Filter>SDL2</Filter>
    </ClInclude>
    <ClInclude Include="include\SDL2\SDL_mutex.h">
      <Filter>SDL2</Filter>
    </ClInclude>
    <ClInclude Include="include\SDL2\SDL_name.h">
      <Filter>SDL2</Filter>
    </ClInclude>
    <ClInclude Include="include\SDL2\SDL_opengl.h">
      <Filter>SDL2</Filter>
    </ClInclude>
    <ClInclude Include="include\SDL2\SDL_opengl_glext.h">
      <Filter>SDL2</Filter>
    </ClInclude>
    <ClInclude Include="include\SDL2\SDL_opengles.h">
      <Filter>SDL2</Filter>
    </ClInclude>
    <ClInclude Include="include\SDL2\SDL_opengles2.h">
      <Filter>SDL2</Filter>
    </ClInclude>
    <ClInclude Include="include\SDL2\SDL_opengles2_gl2.h">
      <Filter>SDL2</Filter>
    </ClInclude>
    <ClInclude Include="include\SDL2\SDL_opengles2_gl2ext.h">
      <Filter>SDL2</Filter>
    </ClInclude>
    <ClInclude Include="include\SDL2\SDL_opengles2_gl2platform.h">
      <Filter>SDL2</Filter>
    </ClInclude>
    <ClInclude Include="include\SDL2\SDL_opengles2_khrplatform.h">
      <Filter>SDL2</Filter>
    </ClInclude>
    <ClInclude Include="include\SDL2\SDL_pixels.h">
      <Filter>SDL2</Filter>
    </ClInclude>
    <ClInclude Include="include\SDL2\SDL_platform.h">
      <Filter>SDL2</Filter>
    </ClInclude>
    <ClInclude Include="include\SDL2\SDL_power.h">
      <Filter>SDL2</Filter>
    </ClInclude>
    <ClInclude Include="include\SDL2\SDL_quit.h">
      <Filter>SDL2</Filter>
    </ClInclude>
    <ClInclude Include="include\SDL2\SDL_rect.h">
      <Filter>SDL2</Filter>
    </ClInclude>
    <ClInclude Include="include\SDL2\SDL_render.h">
      <Filter>SDL2</Filter>
    </ClInclude>
    <ClInclude Include="include\SDL2\SDL_revision.h">
      <Filter>SDL2</Filter>
    </ClInclude>
    <ClInclude Include="include\SDL2\SDL_rwops.h">
      <Filter>SDL2</Filter>
    </ClInclude>
    <ClInclude Include="include\SDL2\SDL_scancode.h">
      <Filter>SDL2</Filter>
    </ClInclude>
    <ClInclude Include="include\SDL2\SDL_sensor.h">
      <Filter>SDL2</Filter>
    </ClInclude>
    <ClInclude Include="include\SDL2\SDL_shape.h">
      <Filter>SDL2</Filter>
    </ClInclude>
    <ClInclude Include="include\SDL2\SDL_stdinc.h">
      <Filter>SDL2</Filter>
    </ClInclude>
    <ClInclude Include="include\SDL2\SDL_surface.h">
      <Filter>SDL2</Filter>
    </ClInclude>
    <ClInclude Include="include\SDL2\SDL_system.h">
      <Filter>SDL2</Filter>
    </ClInclude>
    <ClInclude Include="include\SDL2\SDL_syswm.h">
      <Filter>SDL2</Filter>
    </ClInclude>
    <ClInclude Include="include\SDL2\SDL_test.h">
      <Filter>SDL2</Filter>
    </ClInclude>
    <ClInclude Include="include\SDL2\SDL_test_assert.h">
      <Filter>SDL2</Filter>
    </ClInclude>
    <ClInclude Include="include\SDL2\SDL_test_common.h">
      <Filter>SDL2</Filter>
    </ClInclude>
    <ClInclude Include="include\SDL2\SDL_test_compare.h">
      <Filter>SDL2</Filter>
    </ClInclude>
    <ClInclude Include="include\SDL2\SDL_test_crc32.h">
      <Filter>SDL2</Filter>
    </ClInclude>
    <ClInclude Include="include\SDL2\SDL_test_font.h">
      <Filter>SDL2</Filter>
    </ClInclude>
    <ClInclude Include="include\SDL2\SDL_test_fuzzer.h">
      <Filter>SDL2</Filter>
    </ClInclude>
    <ClInclude Include="include\SDL2\SDL_test_harness.h">
      <Filter>SDL2</Filter>
    </ClInclude>
    <ClInclude Include="include\SDL2\SDL_test_images.h">
      <Filter>SDL2</Filter>
    </ClInclude>
    <ClInclude Include="include\SDL2\SDL_test_log.h">
      <Filter>SDL2</Filter>
    </ClInclude>
    <ClInclude Include="include\SDL2\SDL_test_md5.h">
      <Filter>SDL2</Filter>
    </ClInclude>
    <ClInclude Include="include\SDL2\SDL_test_memory.h">
      <Filter>SDL2</Filter>
    </ClInclude>
    <ClInclude Include="include\SDL2\SDL_test_random.h">
      <Filter>SDL2</Filter>
    </ClInclude>
    <ClInclude Include="include\SDL2\SDL_thread.h">
      <Filter>SDL2</Filter>
    </ClInclude>
    <ClInclude Include="include\SDL2\SDL_timer.h">
      <Filter>SDL2</Filter>
    </ClInclude>
    <ClInclude Include="include\SDL2\SDL_touch.h">
      <Filter>SDL2</Filter>
    </ClInclude>
    <ClInclude Include="include\SDL2\SDL_types.h">
      <Filter>SDL2</Filter>
    </ClInclude>
    <ClInclude Include="include\SDL2\SDL_version.h">
      <Filter>SDL2</Filter>
    </ClInclude>
    <ClInclude Include="include\SDL2\SDL_video.h">
      <Filter>SDL2</Filter>
    </ClInclude>
    <ClInclude Include="include\SDL2\SDL_vulkan.h">
      <Filter>SDL2</Filter>
    </ClInclude>
    <ClInclude Include="src\minzx.h">
      <Filter>MinZX</Filter>
    </ClInclude>
    <ClInclude Include="src\z80cpp\example\z80sim.h">
      <Filter>z80cpp\example</Filter>
    </ClInclude>
  </ItemGroup>
  <ItemGroup>
    <None Include="include\SDL2\SDL_config.h.cmake">
      <Filter>SDL2</Filter>
    </None>
    <None Include="include\SDL2\SDL_config.h.in">
      <Filter>SDL2</Filter>
    </None>
    <None Include="include\SDL2\SDL_config_macosx.h.orig">
      <Filter>SDL2</Filter>
    </None>
    <None Include="README.md">
      <Filter>Docs</Filter>
    </None>
  </ItemGroup>
</Project>